
Microsoft Visual Studio Solution File, Format Version 12.00
# Visual Studio Version 17
VisualStudioVersion = 17.0.31903.59
MinimumVisualStudioVersion = 10.0.40219.1
Project("{FAE04EC0-301F-11D3-BF4B-00C04F79EFBC}") = "Tests", "Tests\Tests.csproj", "{016D7DBA-FD7F-4108-9068-A6F193B03640}"
EndProject
Global
	GlobalSection(SolutionConfigurationPlatforms) = preSolution
		Debug|Any CPU = Debug|Any CPU
		Release|Any CPU = Release|Any CPU
	EndGlobalSection
	GlobalSection(ProjectConfigurationPlatforms) = postSolution
		{016D7DBA-FD7F-4108-9068-A6F193B03640}.Debug|Any CPU.ActiveCfg = Debug|Any CPU
		{016D7DBA-FD7F-4108-9068-A6F193B03640}.Debug|Any CPU.Build.0 = Debug|Any CPU
		{016D7DBA-FD7F-4108-9068-A6F193B03640}.Release|Any CPU.ActiveCfg = Release|Any CPU
		{016D7DBA-FD7F-4108-9068-A6F193B03640}.Release|Any CPU.Build.0 = Release|Any CPU
	EndGlobalSection
	GlobalSection(SolutionProperties) = preSolution
		HideSolutionNode = FALSE
	EndGlobalSection
	GlobalSection(ExtensibilityGlobals) = postSolution
		SolutionGuid = {F6F52490-14B3-44B2-9EEF-9EA31DA90F33}
	EndGlobalSection
EndGlobal
